
Microsoft Visual Studio Solution File, Format Version 12.00
# Visual Studio Version 17
VisualStudioVersion = 17.9.34714.143
MinimumVisualStudioVersion = 10.0.40219.1
Project("{FAE04EC0-301F-11D3-BF4B-00C04F79EFBC}") = "CarrinhoDeCompra", "CarrinhoDeCompra\CarrinhoDeCompra.csproj", "{2AA1FA9D-2ECC-4617-BFE4-213A0DC3D037}"
EndProject
Global
	GlobalSection(SolutionConfigurationPlatforms) = preSolution
		Debug|Any CPU = Debug|Any CPU
		Release|Any CPU = Release|Any CPU
	EndGlobalSection
	GlobalSection(ProjectConfigurationPlatforms) = postSolution
		{2AA1FA9D-2ECC-4617-BFE4-213A0DC3D037}.Debug|Any CPU.ActiveCfg = Debug|Any CPU
		{2AA1FA9D-2ECC-4617-BFE4-213A0DC3D037}.Debug|Any CPU.Build.0 = Debug|Any CPU
		{2AA1FA9D-2ECC-4617-BFE4-213A0DC3D037}.Release|Any CPU.ActiveCfg = Release|Any CPU
		{2AA1FA9D-2ECC-4617-BFE4-213A0DC3D037}.Release|Any CPU.Build.0 = Release|Any CPU
	EndGlobalSection
	GlobalSection(SolutionProperties) = preSolution
		HideSolutionNode = FALSE
	EndGlobalSection
	GlobalSection(ExtensibilityGlobals) = postSolution
		SolutionGuid = {9B04BF0D-45A0-4AF6-8706-DE8CD412A477}
	EndGlobalSection
EndGlobal
